// !$*UTF8*$!
{
	archiveVersion = 1;
	classes = {
	};
	objectVersion = 60;
	objects = {

/* Begin PBXBuildFile section */
		24918A562C2CE1E7000EE644 /* AlignRTApp.swift in Sources */ = {isa = PBXBuildFile; fileRef = 24918A552C2CE1E7000EE644 /* AlignRTApp.swift */; };
		24918A582C2CE1E7000EE644 /* ContentView.swift in Sources */ = {isa = PBXBuildFile; fileRef = 24918A572C2CE1E7000EE644 /* ContentView.swift */; };
		24918A5A2C2CE1E9000EE644 /* Assets.xcassets in Resources */ = {isa = PBXBuildFile; fileRef = 24918A592C2CE1E9000EE644 /* Assets.xcassets */; };
		24918A5D2C2CE1E9000EE644 /* Preview Assets.xcassets in Resources */ = {isa = PBXBuildFile; fileRef = 24918A5C2C2CE1E9000EE644 /* Preview Assets.xcassets */; };
		24918A672C2CE1E9000EE644 /* AlignRTTests.swift in Sources */ = {isa = PBXBuildFile; fileRef = 24918A662C2CE1E9000EE644 /* AlignRTTests.swift */; };
		24918A712C2CE1E9000EE644 /* AlignRTUITests.swift in Sources */ = {isa = PBXBuildFile; fileRef = 24918A702C2CE1E9000EE644 /* AlignRTUITests.swift */; };
		24918A732C2CE1E9000EE644 /* AlignRTUITestsLaunchTests.swift in Sources */ = {isa = PBXBuildFile; fileRef = 24918A722C2CE1E9000EE644 /* AlignRTUITestsLaunchTests.swift */; };
		24918A802C2CE314000EE644 /* SignInView.swift in Sources */ = {isa = PBXBuildFile; fileRef = 24918A7F2C2CE311000EE644 /* SignInView.swift */; };
		24918A902C2CE58F000EE644 /* GoogleService-Info.plist in Resources */ = {isa = PBXBuildFile; fileRef = 24918A8F2C2CE58F000EE644 /* GoogleService-Info.plist */; };
		24918A932C2CE5DE000EE644 /* FirebaseAnalytics in Frameworks */ = {isa = PBXBuildFile; productRef = 24918A922C2CE5DE000EE644 /* FirebaseAnalytics */; };
		24918A952C2CE5DE000EE644 /* FirebaseAuth in Frameworks */ = {isa = PBXBuildFile; productRef = 24918A942C2CE5DE000EE644 /* FirebaseAuth */; };
		24918A972C2CE5DE000EE644 /* FirebaseFunctions in Frameworks */ = {isa = PBXBuildFile; productRef = 24918A962C2CE5DE000EE644 /* FirebaseFunctions */; };
		24918A9F2C2CF910000EE644 /* SignInWithAppleView.swift in Sources */ = {isa = PBXBuildFile; fileRef = 24918A9E2C2CF8FF000EE644 /* SignInWithAppleView.swift */; };
		24918AA52C2DD800000EE644 /* CameraViewControllerWrapper.swift in Sources */ = {isa = PBXBuildFile; fileRef = 24918AA42C2DD7FA000EE644 /* CameraViewControllerWrapper.swift */; };
		24918AA72C3352A8000EE644 /* ImagePicker.swift in Sources */ = {isa = PBXBuildFile; fileRef = 24918AA62C3352A3000EE644 /* ImagePicker.swift */; };
		24918AA92C3352B8000EE644 /* AccountInfoView.swift in Sources */ = {isa = PBXBuildFile; fileRef = 24918AA82C3352B4000EE644 /* AccountInfoView.swift */; };
		24918AAB2C338BDC000EE644 /* CameraPreview.swift in Sources */ = {isa = PBXBuildFile; fileRef = 24918AAA2C338BD8000EE644 /* CameraPreview.swift */; };
		24918AAD2C33B20C000EE644 /* PhotoPreviewViewController.swift in Sources */ = {isa = PBXBuildFile; fileRef = 24918AAC2C33B203000EE644 /* PhotoPreviewViewController.swift */; };
		24918AAF2C33B3B4000EE644 /* CameraViewModel.swift in Sources */ = {isa = PBXBuildFile; fileRef = 24918AAE2C33B3B0000EE644 /* CameraViewModel.swift */; };
		24918AB12C33B3EB000EE644 /* CameraView.swift in Sources */ = {isa = PBXBuildFile; fileRef = 24918AB02C33B3E7000EE644 /* CameraView.swift */; };
		24F63BDC2C3503D200A13DE5 /* FirebaseFirestore in Frameworks */ = {isa = PBXBuildFile; productRef = 24F63BDB2C3503D200A13DE5 /* FirebaseFirestore */; };
		24F63BDE2C35FD0500A13DE5 /* ProfileCameraView.swift in Sources */ = {isa = PBXBuildFile; fileRef = 24F63BDD2C35FD0000A13DE5 /* ProfileCameraView.swift */; };
		24F63BE02C3605F600A13DE5 /* ProfileCameraViewModel.swift in Sources */ = {isa = PBXBuildFile; fileRef = 24F63BDF2C3605F000A13DE5 /* ProfileCameraViewModel.swift */; };
		24F63BE32C371B7900A13DE5 /* SwiftyGif in Frameworks */ = {isa = PBXBuildFile; productRef = 24F63BE22C371B7900A13DE5 /* SwiftyGif */; };
		24F63BE92C372EB800A13DE5 /* ProfileCameraUIView.swift in Sources */ = {isa = PBXBuildFile; fileRef = 24F63BE82C372EA100A13DE5 /* ProfileCameraUIView.swift */; };
		24F63BEE2C3738EC00A13DE5 /* Utility.swift in Sources */ = {isa = PBXBuildFile; fileRef = 24F63BED2C3738EA00A13DE5 /* Utility.swift */; };
		42ADF2CD2C2D02F200420265 /* FirebaseStorage in Frameworks */ = {isa = PBXBuildFile; productRef = 42ADF2CC2C2D02F200420265 /* FirebaseStorage */; };
		42F685512C2CF708008A0D25 /* CameraViewController.swift in Sources */ = {isa = PBXBuildFile; fileRef = 42F685502C2CF708008A0D25 /* CameraViewController.swift */; };
/* End PBXBuildFile section */

/* Begin PBXContainerItemProxy section */
		24918A632C2CE1E9000EE644 /* PBXContainerItemProxy */ = {
			isa = PBXContainerItemProxy;
			containerPortal = 24918A4A2C2CE1E7000EE644 /* Project object */;
			proxyType = 1;
			remoteGlobalIDString = 24918A512C2CE1E7000EE644;
			remoteInfo = AlignRT;
		};
		24918A6D2C2CE1E9000EE644 /* PBXContainerItemProxy */ = {
			isa = PBXContainerItemProxy;
			containerPortal = 24918A4A2C2CE1E7000EE644 /* Project object */;
			proxyType = 1;
			remoteGlobalIDString = 24918A512C2CE1E7000EE644;
			remoteInfo = AlignRT;
		};
/* End PBXContainerItemProxy section */

/* Begin PBXCopyFilesBuildPhase section */
		24F63BE72C372B9D00A13DE5 /* Embed Frameworks */ = {
			isa = PBXCopyFilesBuildPhase;
			buildActionMask = 2147483647;
			dstPath = "";
			dstSubfolderSpec = 10;
			files = (
			);
			name = "Embed Frameworks";
			runOnlyForDeploymentPostprocessing = 0;
		};
/* End PBXCopyFilesBuildPhase section */

/* Begin PBXFileReference section */
		24918A522C2CE1E7000EE644 /* AlignRT.app */ = {isa = PBXFileReference; explicitFileType = wrapper.application; includeInIndex = 0; path = AlignRT.app; sourceTree = BUILT_PRODUCTS_DIR; };
		24918A552C2CE1E7000EE644 /* AlignRTApp.swift */ = {isa = PBXFileReference; lastKnownFileType = sourcecode.swift; path = AlignRTApp.swift; sourceTree = "<group>"; };
		24918A572C2CE1E7000EE644 /* ContentView.swift */ = {isa = PBXFileReference; lastKnownFileType = sourcecode.swift; path = ContentView.swift; sourceTree = "<group>"; };
		24918A592C2CE1E9000EE644 /* Assets.xcassets */ = {isa = PBXFileReference; lastKnownFileType = folder.assetcatalog; path = Assets.xcassets; sourceTree = "<group>"; };
		24918A5C2C2CE1E9000EE644 /* Preview Assets.xcassets */ = {isa = PBXFileReference; lastKnownFileType = folder.assetcatalog; path = "Preview Assets.xcassets"; sourceTree = "<group>"; };
		24918A622C2CE1E9000EE644 /* AlignRTTests.xctest */ = {isa = PBXFileReference; explicitFileType = wrapper.cfbundle; includeInIndex = 0; path = AlignRTTests.xctest; sourceTree = BUILT_PRODUCTS_DIR; };
		24918A662C2CE1E9000EE644 /* AlignRTTests.swift */ = {isa = PBXFileReference; lastKnownFileType = sourcecode.swift; path = AlignRTTests.swift; sourceTree = "<group>"; };
		24918A6C2C2CE1E9000EE644 /* AlignRTUITests.xctest */ = {isa = PBXFileReference; explicitFileType = wrapper.cfbundle; includeInIndex = 0; path = AlignRTUITests.xctest; sourceTree = BUILT_PRODUCTS_DIR; };
		24918A702C2CE1E9000EE644 /* AlignRTUITests.swift */ = {isa = PBXFileReference; lastKnownFileType = sourcecode.swift; path = AlignRTUITests.swift; sourceTree = "<group>"; };
		24918A722C2CE1E9000EE644 /* AlignRTUITestsLaunchTests.swift */ = {isa = PBXFileReference; lastKnownFileType = sourcecode.swift; path = AlignRTUITestsLaunchTests.swift; sourceTree = "<group>"; };
		24918A7F2C2CE311000EE644 /* SignInView.swift */ = {isa = PBXFileReference; lastKnownFileType = sourcecode.swift; path = SignInView.swift; sourceTree = "<group>"; };
		24918A8F2C2CE58F000EE644 /* GoogleService-Info.plist */ = {isa = PBXFileReference; lastKnownFileType = text.plist.xml; path = "GoogleService-Info.plist"; sourceTree = "<group>"; };
		24918A9E2C2CF8FF000EE644 /* SignInWithAppleView.swift */ = {isa = PBXFileReference; lastKnownFileType = sourcecode.swift; path = SignInWithAppleView.swift; sourceTree = "<group>"; };
		24918AA32C2DC3E0000EE644 /* AlignRT.entitlements */ = {isa = PBXFileReference; lastKnownFileType = text.plist.entitlements; path = AlignRT.entitlements; sourceTree = "<group>"; };
		24918AA42C2DD7FA000EE644 /* CameraViewControllerWrapper.swift */ = {isa = PBXFileReference; lastKnownFileType = sourcecode.swift; path = CameraViewControllerWrapper.swift; sourceTree = "<group>"; };
		24918AA62C3352A3000EE644 /* ImagePicker.swift */ = {isa = PBXFileReference; lastKnownFileType = sourcecode.swift; path = ImagePicker.swift; sourceTree = "<group>"; };
		24918AA82C3352B4000EE644 /* AccountInfoView.swift */ = {isa = PBXFileReference; lastKnownFileType = sourcecode.swift; path = AccountInfoView.swift; sourceTree = "<group>"; };
		24918AAA2C338BD8000EE644 /* CameraPreview.swift */ = {isa = PBXFileReference; lastKnownFileType = sourcecode.swift; path = CameraPreview.swift; sourceTree = "<group>"; };
		24918AAC2C33B203000EE644 /* PhotoPreviewViewController.swift */ = {isa = PBXFileReference; lastKnownFileType = sourcecode.swift; path = PhotoPreviewViewController.swift; sourceTree = "<group>"; };
		24918AAE2C33B3B0000EE644 /* CameraViewModel.swift */ = {isa = PBXFileReference; lastKnownFileType = sourcecode.swift; path = CameraViewModel.swift; sourceTree = "<group>"; };
		24918AB02C33B3E7000EE644 /* CameraView.swift */ = {isa = PBXFileReference; lastKnownFileType = sourcecode.swift; path = CameraView.swift; sourceTree = "<group>"; };
		24F63BDD2C35FD0000A13DE5 /* ProfileCameraView.swift */ = {isa = PBXFileReference; lastKnownFileType = sourcecode.swift; path = ProfileCameraView.swift; sourceTree = "<group>"; };
		24F63BDF2C3605F000A13DE5 /* ProfileCameraViewModel.swift */ = {isa = PBXFileReference; lastKnownFileType = sourcecode.swift; path = ProfileCameraViewModel.swift; sourceTree = "<group>"; };
		24F63BE82C372EA100A13DE5 /* ProfileCameraUIView.swift */ = {isa = PBXFileReference; lastKnownFileType = sourcecode.swift; path = ProfileCameraUIView.swift; sourceTree = "<group>"; };
		24F63BED2C3738EA00A13DE5 /* Utility.swift */ = {isa = PBXFileReference; lastKnownFileType = sourcecode.swift; path = Utility.swift; sourceTree = "<group>"; };
		42F685502C2CF708008A0D25 /* CameraViewController.swift */ = {isa = PBXFileReference; lastKnownFileType = sourcecode.swift; path = CameraViewController.swift; sourceTree = "<group>"; };
/* End PBXFileReference section */

/* Begin PBXFrameworksBuildPhase section */
		24918A4F2C2CE1E7000EE644 /* Frameworks */ = {
			isa = PBXFrameworksBuildPhase;
			buildActionMask = 2147483647;
			files = (
				24918A972C2CE5DE000EE644 /* FirebaseFunctions in Frameworks */,
				42ADF2CD2C2D02F200420265 /* FirebaseStorage in Frameworks */,
				24918A932C2CE5DE000EE644 /* FirebaseAnalytics in Frameworks */,
				24F63BDC2C3503D200A13DE5 /* FirebaseFirestore in Frameworks */,
				24918A952C2CE5DE000EE644 /* FirebaseAuth in Frameworks */,
				24F63BE32C371B7900A13DE5 /* SwiftyGif in Frameworks */,
			);
			runOnlyForDeploymentPostprocessing = 0;
		};
		24918A5F2C2CE1E9000EE644 /* Frameworks */ = {
			isa = PBXFrameworksBuildPhase;
			buildActionMask = 2147483647;
			files = (
			);
			runOnlyForDeploymentPostprocessing = 0;
		};
		24918A692C2CE1E9000EE644 /* Frameworks */ = {
			isa = PBXFrameworksBuildPhase;
			buildActionMask = 2147483647;
			files = (
			);
			runOnlyForDeploymentPostprocessing = 0;
		};
/* End PBXFrameworksBuildPhase section */

/* Begin PBXGroup section */
		24918A492C2CE1E7000EE644 = {
			isa = PBXGroup;
			children = (
				24918A542C2CE1E7000EE644 /* AlignRT */,
				24918A652C2CE1E9000EE644 /* AlignRTTests */,
				24918A6F2C2CE1E9000EE644 /* AlignRTUITests */,
				24918A532C2CE1E7000EE644 /* Products */,
				42F685522C2D0109008A0D25 /* Frameworks */,
			);
			sourceTree = "<group>";
		};
		24918A532C2CE1E7000EE644 /* Products */ = {
			isa = PBXGroup;
			children = (
				24918A522C2CE1E7000EE644 /* AlignRT.app */,
				24918A622C2CE1E9000EE644 /* AlignRTTests.xctest */,
				24918A6C2C2CE1E9000EE644 /* AlignRTUITests.xctest */,
			);
			name = Products;
			sourceTree = "<group>";
		};
		24918A542C2CE1E7000EE644 /* AlignRT */ = {
			isa = PBXGroup;
			children = (
				24918AA32C2DC3E0000EE644 /* AlignRT.entitlements */,
				24918A572C2CE1E7000EE644 /* ContentView.swift */,
				24918A552C2CE1E7000EE644 /* AlignRTApp.swift */,
				24918A9E2C2CF8FF000EE644 /* SignInWithAppleView.swift */,
				24F63BDF2C3605F000A13DE5 /* ProfileCameraViewModel.swift */,
				24F63BDD2C35FD0000A13DE5 /* ProfileCameraView.swift */,
				24918AA82C3352B4000EE644 /* AccountInfoView.swift */,
				24F63BED2C3738EA00A13DE5 /* Utility.swift */,
				24F63BE82C372EA100A13DE5 /* ProfileCameraUIView.swift */,
				24918AAE2C33B3B0000EE644 /* CameraViewModel.swift */,
				24918AAA2C338BD8000EE644 /* CameraPreview.swift */,
				24918AA62C3352A3000EE644 /* ImagePicker.swift */,
				24918AA42C2DD7FA000EE644 /* CameraViewControllerWrapper.swift */,
				42F685502C2CF708008A0D25 /* CameraViewController.swift */,
				24918AB02C33B3E7000EE644 /* CameraView.swift */,
				24918A8F2C2CE58F000EE644 /* GoogleService-Info.plist */,
				24918AAC2C33B203000EE644 /* PhotoPreviewViewController.swift */,
				24918A7F2C2CE311000EE644 /* SignInView.swift */,
				24918A592C2CE1E9000EE644 /* Assets.xcassets */,
				24918A5B2C2CE1E9000EE644 /* Preview Content */,
			);
			path = AlignRT;
			sourceTree = "<group>";
		};
		24918A5B2C2CE1E9000EE644 /* Preview Content */ = {
			isa = PBXGroup;
			children = (
				24918A5C2C2CE1E9000EE644 /* Preview Assets.xcassets */,
			);
			path = "Preview Content";
			sourceTree = "<group>";
		};
		24918A652C2CE1E9000EE644 /* AlignRTTests */ = {
			isa = PBXGroup;
			children = (
				24918A662C2CE1E9000EE644 /* AlignRTTests.swift */,
			);
			path = AlignRTTests;
			sourceTree = "<group>";
		};
		24918A6F2C2CE1E9000EE644 /* AlignRTUITests */ = {
			isa = PBXGroup;
			children = (
				24918A702C2CE1E9000EE644 /* AlignRTUITests.swift */,
				24918A722C2CE1E9000EE644 /* AlignRTUITestsLaunchTests.swift */,
			);
			path = AlignRTUITests;
			sourceTree = "<group>";
		};
		42F685522C2D0109008A0D25 /* Frameworks */ = {
			isa = PBXGroup;
			children = (
			);
			name = Frameworks;
			sourceTree = "<group>";
		};
/* End PBXGroup section */

/* Begin PBXNativeTarget section */
		24918A512C2CE1E7000EE644 /* AlignRT */ = {
			isa = PBXNativeTarget;
			buildConfigurationList = 24918A762C2CE1E9000EE644 /* Build configuration list for PBXNativeTarget "AlignRT" */;
			buildPhases = (
				24918A4E2C2CE1E7000EE644 /* Sources */,
				24918A4F2C2CE1E7000EE644 /* Frameworks */,
				24918A502C2CE1E7000EE644 /* Resources */,
				24F63BE72C372B9D00A13DE5 /* Embed Frameworks */,
			);
			buildRules = (
			);
			dependencies = (
			);
			name = AlignRT;
			packageProductDependencies = (
				24918A922C2CE5DE000EE644 /* FirebaseAnalytics */,
				24918A942C2CE5DE000EE644 /* FirebaseAuth */,
				24918A962C2CE5DE000EE644 /* FirebaseFunctions */,
				42ADF2CC2C2D02F200420265 /* FirebaseStorage */,
				24F63BDB2C3503D200A13DE5 /* FirebaseFirestore */,
				24F63BE22C371B7900A13DE5 /* SwiftyGif */,
			);
			productName = AlignRT;
			productReference = 24918A522C2CE1E7000EE644 /* AlignRT.app */;
			productType = "com.apple.product-type.application";
		};
		24918A612C2CE1E9000EE644 /* AlignRTTests */ = {
			isa = PBXNativeTarget;
			buildConfigurationList = 24918A792C2CE1E9000EE644 /* Build configuration list for PBXNativeTarget "AlignRTTests" */;
			buildPhases = (
				24918A5E2C2CE1E9000EE644 /* Sources */,
				24918A5F2C2CE1E9000EE644 /* Frameworks */,
				24918A602C2CE1E9000EE644 /* Resources */,
			);
			buildRules = (
			);
			dependencies = (
				24918A642C2CE1E9000EE644 /* PBXTargetDependency */,
			);
			name = AlignRTTests;
			productName = AlignRTTests;
			productReference = 24918A622C2CE1E9000EE644 /* AlignRTTests.xctest */;
			productType = "com.apple.product-type.bundle.unit-test";
		};
		24918A6B2C2CE1E9000EE644 /* AlignRTUITests */ = {
			isa = PBXNativeTarget;
			buildConfigurationList = 24918A7C2C2CE1E9000EE644 /* Build configuration list for PBXNativeTarget "AlignRTUITests" */;
			buildPhases = (
				24918A682C2CE1E9000EE644 /* Sources */,
				24918A692C2CE1E9000EE644 /* Frameworks */,
				24918A6A2C2CE1E9000EE644 /* Resources */,
			);
			buildRules = (
			);
			dependencies = (
				24918A6E2C2CE1E9000EE644 /* PBXTargetDependency */,
			);
			name = AlignRTUITests;
			productName = AlignRTUITests;
			productReference = 24918A6C2C2CE1E9000EE644 /* AlignRTUITests.xctest */;
			productType = "com.apple.product-type.bundle.ui-testing";
		};
/* End PBXNativeTarget section */

/* Begin PBXProject section */
		24918A4A2C2CE1E7000EE644 /* Project object */ = {
			isa = PBXProject;
			attributes = {
				BuildIndependentTargetsInParallel = 1;
				LastSwiftUpdateCheck = 1600;
				LastUpgradeCheck = 1600;
				TargetAttributes = {
					24918A512C2CE1E7000EE644 = {
						CreatedOnToolsVersion = 16.0;
					};
					24918A612C2CE1E9000EE644 = {
						CreatedOnToolsVersion = 16.0;
						TestTargetID = 24918A512C2CE1E7000EE644;
					};
					24918A6B2C2CE1E9000EE644 = {
						CreatedOnToolsVersion = 16.0;
						TestTargetID = 24918A512C2CE1E7000EE644;
					};
				};
			};
			buildConfigurationList = 24918A4D2C2CE1E7000EE644 /* Build configuration list for PBXProject "AlignRT" */;
			compatibilityVersion = "Xcode 15.0";
			developmentRegion = en;
			hasScannedForEncodings = 0;
			knownRegions = (
				en,
				Base,
			);
			mainGroup = 24918A492C2CE1E7000EE644;
			packageReferences = (
				24918A912C2CE5DE000EE644 /* XCRemoteSwiftPackageReference "firebase-ios-sdk" */,
				24F63BE12C371B7900A13DE5 /* XCRemoteSwiftPackageReference "SwiftyGif" */,
			);
			productRefGroup = 24918A532C2CE1E7000EE644 /* Products */;
			projectDirPath = "";
			projectRoot = "";
			targets = (
				24918A512C2CE1E7000EE644 /* AlignRT */,
				24918A612C2CE1E9000EE644 /* AlignRTTests */,
				24918A6B2C2CE1E9000EE644 /* AlignRTUITests */,
			);
		};
/* End PBXProject section */

/* Begin PBXResourcesBuildPhase section */
		24918A502C2CE1E7000EE644 /* Resources */ = {
			isa = PBXResourcesBuildPhase;
			buildActionMask = 2147483647;
			files = (
				24918A5D2C2CE1E9000EE644 /* Preview Assets.xcassets in Resources */,
				24918A902C2CE58F000EE644 /* GoogleService-Info.plist in Resources */,
				24918A5A2C2CE1E9000EE644 /* Assets.xcassets in Resources */,
			);
			runOnlyForDeploymentPostprocessing = 0;
		};
		24918A602C2CE1E9000EE644 /* Resources */ = {
			isa = PBXResourcesBuildPhase;
			buildActionMask = 2147483647;
			files = (
			);
			runOnlyForDeploymentPostprocessing = 0;
		};
		24918A6A2C2CE1E9000EE644 /* Resources */ = {
			isa = PBXResourcesBuildPhase;
			buildActionMask = 2147483647;
			files = (
			);
			runOnlyForDeploymentPostprocessing = 0;
		};
/* End PBXResourcesBuildPhase section */

/* Begin PBXSourcesBuildPhase section */
		24918A4E2C2CE1E7000EE644 /* Sources */ = {
			isa = PBXSourcesBuildPhase;
			buildActionMask = 2147483647;
			files = (
				24918A802C2CE314000EE644 /* SignInView.swift in Sources */,
				24918A9F2C2CF910000EE644 /* SignInWithAppleView.swift in Sources */,
				24F63BDE2C35FD0500A13DE5 /* ProfileCameraView.swift in Sources */,
				42F685512C2CF708008A0D25 /* CameraViewController.swift in Sources */,
				24918AB12C33B3EB000EE644 /* CameraView.swift in Sources */,
				24F63BE02C3605F600A13DE5 /* ProfileCameraViewModel.swift in Sources */,
				24918AAB2C338BDC000EE644 /* CameraPreview.swift in Sources */,
				24918AA72C3352A8000EE644 /* ImagePicker.swift in Sources */,
				24F63BE92C372EB800A13DE5 /* ProfileCameraUIView.swift in Sources */,
				24918AA92C3352B8000EE644 /* AccountInfoView.swift in Sources */,
				24918AAD2C33B20C000EE644 /* PhotoPreviewViewController.swift in Sources */,
				24918AAF2C33B3B4000EE644 /* CameraViewModel.swift in Sources */,
				24F63BEE2C3738EC00A13DE5 /* Utility.swift in Sources */,
				24918A582C2CE1E7000EE644 /* ContentView.swift in Sources */,
				24918A562C2CE1E7000EE644 /* AlignRTApp.swift in Sources */,
				24918AA52C2DD800000EE644 /* CameraViewControllerWrapper.swift in Sources */,
			);
			runOnlyForDeploymentPostprocessing = 0;
		};
		24918A5E2C2CE1E9000EE644 /* Sources */ = {
			isa = PBXSourcesBuildPhase;
			buildActionMask = 2147483647;
			files = (
				24918A672C2CE1E9000EE644 /* AlignRTTests.swift in Sources */,
			);
			runOnlyForDeploymentPostprocessing = 0;
		};
		24918A682C2CE1E9000EE644 /* Sources */ = {
			isa = PBXSourcesBuildPhase;
			buildActionMask = 2147483647;
			files = (
				24918A732C2CE1E9000EE644 /* AlignRTUITestsLaunchTests.swift in Sources */,
				24918A712C2CE1E9000EE644 /* AlignRTUITests.swift in Sources */,
			);
			runOnlyForDeploymentPostprocessing = 0;
		};
/* End PBXSourcesBuildPhase section */

/* Begin PBXTargetDependency section */
		24918A642C2CE1E9000EE644 /* PBXTargetDependency */ = {
			isa = PBXTargetDependency;
			target = 24918A512C2CE1E7000EE644 /* AlignRT */;
			targetProxy = 24918A632C2CE1E9000EE644 /* PBXContainerItemProxy */;
		};
		24918A6E2C2CE1E9000EE644 /* PBXTargetDependency */ = {
			isa = PBXTargetDependency;
			target = 24918A512C2CE1E7000EE644 /* AlignRT */;
			targetProxy = 24918A6D2C2CE1E9000EE644 /* PBXContainerItemProxy */;
		};
/* End PBXTargetDependency section */

/* Begin XCBuildConfiguration section */
		24918A742C2CE1E9000EE644 /* Debug */ = {
			isa = XCBuildConfiguration;
			buildSettings = {
				ALWAYS_SEARCH_USER_PATHS = NO;
				ASSETCATALOG_COMPILER_GENERATE_SWIFT_ASSET_SYMBOL_EXTENSIONS = YES;
				CLANG_ANALYZER_NONNULL = YES;
				CLANG_ANALYZER_NUMBER_OBJECT_CONVERSION = YES_AGGRESSIVE;
				CLANG_CXX_LANGUAGE_STANDARD = "gnu++20";
				CLANG_ENABLE_MODULES = YES;
				CLANG_ENABLE_OBJC_ARC = YES;
				CLANG_ENABLE_OBJC_WEAK = YES;
				CLANG_WARN_BLOCK_CAPTURE_AUTORELEASING = YES;
				CLANG_WARN_BOOL_CONVERSION = YES;
				CLANG_WARN_COMMA = YES;
				CLANG_WARN_CONSTANT_CONVERSION = YES;
				CLANG_WARN_DEPRECATED_OBJC_IMPLEMENTATIONS = YES;
				CLANG_WARN_DIRECT_OBJC_ISA_USAGE = YES_ERROR;
				CLANG_WARN_DOCUMENTATION_COMMENTS = YES;
				CLANG_WARN_EMPTY_BODY = YES;
				CLANG_WARN_ENUM_CONVERSION = YES;
				CLANG_WARN_INFINITE_RECURSION = YES;
				CLANG_WARN_INT_CONVERSION = YES;
				CLANG_WARN_NON_LITERAL_NULL_CONVERSION = YES;
				CLANG_WARN_OBJC_IMPLICIT_RETAIN_SELF = YES;
				CLANG_WARN_OBJC_LITERAL_CONVERSION = YES;
				CLANG_WARN_OBJC_ROOT_CLASS = YES_ERROR;
				CLANG_WARN_QUOTED_INCLUDE_IN_FRAMEWORK_HEADER = YES;
				CLANG_WARN_RANGE_LOOP_ANALYSIS = YES;
				CLANG_WARN_STRICT_PROTOTYPES = YES;
				CLANG_WARN_SUSPICIOUS_MOVE = YES;
				CLANG_WARN_UNGUARDED_AVAILABILITY = YES_AGGRESSIVE;
				CLANG_WARN_UNREACHABLE_CODE = YES;
				CLANG_WARN__DUPLICATE_METHOD_MATCH = YES;
				COPY_PHASE_STRIP = NO;
				DEBUG_INFORMATION_FORMAT = dwarf;
				ENABLE_STRICT_OBJC_MSGSEND = YES;
				ENABLE_TESTABILITY = YES;
				ENABLE_USER_SCRIPT_SANDBOXING = YES;
				GCC_C_LANGUAGE_STANDARD = gnu17;
				GCC_DYNAMIC_NO_PIC = NO;
				GCC_NO_COMMON_BLOCKS = YES;
				GCC_OPTIMIZATION_LEVEL = 0;
				GCC_PREPROCESSOR_DEFINITIONS = (
					"DEBUG=1",
					"$(inherited)",
				);
				GCC_WARN_64_TO_32_BIT_CONVERSION = YES;
				GCC_WARN_ABOUT_RETURN_TYPE = YES_ERROR;
				GCC_WARN_UNDECLARED_SELECTOR = YES;
				GCC_WARN_UNINITIALIZED_AUTOS = YES_AGGRESSIVE;
				GCC_WARN_UNUSED_FUNCTION = YES;
				GCC_WARN_UNUSED_VARIABLE = YES;
				INFOPLIST_KEY_NSCameraUsageDescription = PP;
				IPHONEOS_DEPLOYMENT_TARGET = 18.0;
				LOCALIZATION_PREFERS_STRING_CATALOGS = YES;
				MTL_ENABLE_DEBUG_INFO = INCLUDE_SOURCE;
				MTL_FAST_MATH = YES;
				ONLY_ACTIVE_ARCH = YES;
				SDKROOT = iphoneos;
				SWIFT_ACTIVE_COMPILATION_CONDITIONS = "DEBUG $(inherited)";
				SWIFT_OPTIMIZATION_LEVEL = "-Onone";
			};
			name = Debug;
		};
		24918A752C2CE1E9000EE644 /* Release */ = {
			isa = XCBuildConfiguration;
			buildSettings = {
				ALWAYS_SEARCH_USER_PATHS = NO;
				ASSETCATALOG_COMPILER_GENERATE_SWIFT_ASSET_SYMBOL_EXTENSIONS = YES;
				CLANG_ANALYZER_NONNULL = YES;
				CLANG_ANALYZER_NUMBER_OBJECT_CONVERSION = YES_AGGRESSIVE;
				CLANG_CXX_LANGUAGE_STANDARD = "gnu++20";
				CLANG_ENABLE_MODULES = YES;
				CLANG_ENABLE_OBJC_ARC = YES;
				CLANG_ENABLE_OBJC_WEAK = YES;
				CLANG_WARN_BLOCK_CAPTURE_AUTORELEASING = YES;
				CLANG_WARN_BOOL_CONVERSION = YES;
				CLANG_WARN_COMMA = YES;
				CLANG_WARN_CONSTANT_CONVERSION = YES;
				CLANG_WARN_DEPRECATED_OBJC_IMPLEMENTATIONS = YES;
				CLANG_WARN_DIRECT_OBJC_ISA_USAGE = YES_ERROR;
				CLANG_WARN_DOCUMENTATION_COMMENTS = YES;
				CLANG_WARN_EMPTY_BODY = YES;
				CLANG_WARN_ENUM_CONVERSION = YES;
				CLANG_WARN_INFINITE_RECURSION = YES;
				CLANG_WARN_INT_CONVERSION = YES;
				CLANG_WARN_NON_LITERAL_NULL_CONVERSION = YES;
				CLANG_WARN_OBJC_IMPLICIT_RETAIN_SELF = YES;
				CLANG_WARN_OBJC_LITERAL_CONVERSION = YES;
				CLANG_WARN_OBJC_ROOT_CLASS = YES_ERROR;
				CLANG_WARN_QUOTED_INCLUDE_IN_FRAMEWORK_HEADER = YES;
				CLANG_WARN_RANGE_LOOP_ANALYSIS = YES;
				CLANG_WARN_STRICT_PROTOTYPES = YES;
				CLANG_WARN_SUSPICIOUS_MOVE = YES;
				CLANG_WARN_UNGUARDED_AVAILABILITY = YES_AGGRESSIVE;
				CLANG_WARN_UNREACHABLE_CODE = YES;
				CLANG_WARN__DUPLICATE_METHOD_MATCH = YES;
				COPY_PHASE_STRIP = NO;
				DEBUG_INFORMATION_FORMAT = "dwarf-with-dsym";
				ENABLE_NS_ASSERTIONS = NO;
				ENABLE_STRICT_OBJC_MSGSEND = YES;
				ENABLE_USER_SCRIPT_SANDBOXING = YES;
				GCC_C_LANGUAGE_STANDARD = gnu17;
				GCC_NO_COMMON_BLOCKS = YES;
				GCC_WARN_64_TO_32_BIT_CONVERSION = YES;
				GCC_WARN_ABOUT_RETURN_TYPE = YES_ERROR;
				GCC_WARN_UNDECLARED_SELECTOR = YES;
				GCC_WARN_UNINITIALIZED_AUTOS = YES_AGGRESSIVE;
				GCC_WARN_UNUSED_FUNCTION = YES;
				GCC_WARN_UNUSED_VARIABLE = YES;
				INFOPLIST_KEY_NSCameraUsageDescription = PP;
				IPHONEOS_DEPLOYMENT_TARGET = 18.0;
				LOCALIZATION_PREFERS_STRING_CATALOGS = YES;
				MTL_ENABLE_DEBUG_INFO = NO;
				MTL_FAST_MATH = YES;
				SDKROOT = iphoneos;
				SWIFT_COMPILATION_MODE = wholemodule;
				VALIDATE_PRODUCT = YES;
			};
			name = Release;
		};
		24918A772C2CE1E9000EE644 /* Debug */ = {
			isa = XCBuildConfiguration;
			buildSettings = {
				ASSETCATALOG_COMPILER_APPICON_NAME = AppIcon;
				ASSETCATALOG_COMPILER_GLOBAL_ACCENT_COLOR_NAME = AccentColor;
				CODE_SIGN_ENTITLEMENTS = AlignRT/AlignRT.entitlements;
				CODE_SIGN_STYLE = Automatic;
				CURRENT_PROJECT_VERSION = 1;
				DEVELOPMENT_ASSET_PATHS = "\"AlignRT/Preview Content\"";
				DEVELOPMENT_TEAM = 57F7AC83MF;
				ENABLE_PREVIEWS = YES;
				GENERATE_INFOPLIST_FILE = YES;
				INFOPLIST_KEY_NSCameraUsageDescription = PP;
				INFOPLIST_KEY_UIApplicationSceneManifest_Generation = YES;
				INFOPLIST_KEY_UIApplicationSupportsIndirectInputEvents = YES;
				INFOPLIST_KEY_UILaunchScreen_Generation = YES;
				INFOPLIST_KEY_UISupportedInterfaceOrientations = UIInterfaceOrientationPortrait;
				INFOPLIST_KEY_UISupportedInterfaceOrientations_iPad = "UIInterfaceOrientationLandscapeLeft UIInterfaceOrientationLandscapeRight UIInterfaceOrientationPortrait UIInterfaceOrientationPortraitUpsideDown";
				IPHONEOS_DEPLOYMENT_TARGET = 16.0;
				LD_RUNPATH_SEARCH_PATHS = (
					"$(inherited)",
					"@executable_path/Frameworks",
				);
				MARKETING_VERSION = 1.0;
				PRODUCT_BUNDLE_IDENTIFIER = com.Align.RT.AlignRT;
				PRODUCT_NAME = "$(TARGET_NAME)";
				SUPPORTED_PLATFORMS = "iphoneos iphonesimulator";
				SUPPORTS_MACCATALYST = NO;
				SUPPORTS_MAC_DESIGNED_FOR_IPHONE_IPAD = NO;
				SUPPORTS_XR_DESIGNED_FOR_IPHONE_IPAD = NO;
				SWIFT_EMIT_LOC_STRINGS = YES;
				SWIFT_VERSION = 5.0;
				TARGETED_DEVICE_FAMILY = 1;
			};
			name = Debug;
		};
		24918A782C2CE1E9000EE644 /* Release */ = {
			isa = XCBuildConfiguration;
			buildSettings = {
				ASSETCATALOG_COMPILER_APPICON_NAME = AppIcon;
				ASSETCATALOG_COMPILER_GLOBAL_ACCENT_COLOR_NAME = AccentColor;
				CODE_SIGN_ENTITLEMENTS = AlignRT/AlignRT.entitlements;
				CODE_SIGN_STYLE = Automatic;
				CURRENT_PROJECT_VERSION = 1;
				DEVELOPMENT_ASSET_PATHS = "\"AlignRT/Preview Content\"";
				DEVELOPMENT_TEAM = 57F7AC83MF;
				ENABLE_PREVIEWS = YES;
				GENERATE_INFOPLIST_FILE = YES;
				INFOPLIST_KEY_NSCameraUsageDescription = PP;
				INFOPLIST_KEY_UIApplicationSceneManifest_Generation = YES;
				INFOPLIST_KEY_UIApplicationSupportsIndirectInputEvents = YES;
				INFOPLIST_KEY_UILaunchScreen_Generation = YES;
				INFOPLIST_KEY_UISupportedInterfaceOrientations = UIInterfaceOrientationPortrait;
				INFOPLIST_KEY_UISupportedInterfaceOrientations_iPad = "UIInterfaceOrientationLandscapeLeft UIInterfaceOrientationLandscapeRight UIInterfaceOrientationPortrait UIInterfaceOrientationPortraitUpsideDown";
				IPHONEOS_DEPLOYMENT_TARGET = 16.0;
				LD_RUNPATH_SEARCH_PATHS = (
					"$(inherited)",
					"@executable_path/Frameworks",
				);
				MARKETING_VERSION = 1.0;
				PRODUCT_BUNDLE_IDENTIFIER = com.Align.RT.AlignRT;
				PRODUCT_NAME = "$(TARGET_NAME)";
				SUPPORTED_PLATFORMS = "iphoneos iphonesimulator";
				SUPPORTS_MACCATALYST = NO;
				SUPPORTS_MAC_DESIGNED_FOR_IPHONE_IPAD = NO;
				SUPPORTS_XR_DESIGNED_FOR_IPHONE_IPAD = NO;
				SWIFT_EMIT_LOC_STRINGS = YES;
				SWIFT_VERSION = 5.0;
				TARGETED_DEVICE_FAMILY = 1;
			};
			name = Release;
		};
		24918A7A2C2CE1E9000EE644 /* Debug */ = {
			isa = XCBuildConfiguration;
			buildSettings = {
				BUNDLE_LOADER = "$(TEST_HOST)";
				CODE_SIGN_STYLE = Automatic;
				CURRENT_PROJECT_VERSION = 1;
				DEVELOPMENT_TEAM = 57F7AC83MF;
				GENERATE_INFOPLIST_FILE = YES;
				IPHONEOS_DEPLOYMENT_TARGET = 18.0;
				MARKETING_VERSION = 1.0;
				PRODUCT_BUNDLE_IDENTIFIER = com.Align.RT.AlignRTTests;
				PRODUCT_NAME = "$(TARGET_NAME)";
				SWIFT_EMIT_LOC_STRINGS = NO;
				SWIFT_VERSION = 5.0;
				TARGETED_DEVICE_FAMILY = "1,2";
				TEST_HOST = "$(BUILT_PRODUCTS_DIR)/AlignRT.app/$(BUNDLE_EXECUTABLE_FOLDER_PATH)/AlignRT";
			};
			name = Debug;
		};
		24918A7B2C2CE1E9000EE644 /* Release */ = {
			isa = XCBuildConfiguration;
			buildSettings = {
				BUNDLE_LOADER = "$(TEST_HOST)";
				CODE_SIGN_STYLE = Automatic;
				CURRENT_PROJECT_VERSION = 1;
				DEVELOPMENT_TEAM = 57F7AC83MF;
				GENERATE_INFOPLIST_FILE = YES;
				IPHONEOS_DEPLOYMENT_TARGET = 18.0;
				MARKETING_VERSION = 1.0;
				PRODUCT_BUNDLE_IDENTIFIER = com.Align.RT.AlignRTTests;
				PRODUCT_NAME = "$(TARGET_NAME)";
				SWIFT_EMIT_LOC_STRINGS = NO;
				SWIFT_VERSION = 5.0;
				TARGETED_DEVICE_FAMILY = "1,2";
				TEST_HOST = "$(BUILT_PRODUCTS_DIR)/AlignRT.app/$(BUNDLE_EXECUTABLE_FOLDER_PATH)/AlignRT";
			};
			name = Release;
		};
		24918A7D2C2CE1E9000EE644 /* Debug */ = {
			isa = XCBuildConfiguration;
			buildSettings = {
				CODE_SIGN_STYLE = Automatic;
				CURRENT_PROJECT_VERSION = 1;
				DEVELOPMENT_TEAM = 57F7AC83MF;
				GENERATE_INFOPLIST_FILE = YES;
				MARKETING_VERSION = 1.0;
				PRODUCT_BUNDLE_IDENTIFIER = com.Align.RT.AlignRTUITests;
				PRODUCT_NAME = "$(TARGET_NAME)";
				SWIFT_EMIT_LOC_STRINGS = NO;
				SWIFT_VERSION = 5.0;
				TARGETED_DEVICE_FAMILY = "1,2";
				TEST_TARGET_NAME = AlignRT;
			};
			name = Debug;
		};
		24918A7E2C2CE1E9000EE644 /* Release */ = {
			isa = XCBuildConfiguration;
			buildSettings = {
				CODE_SIGN_STYLE = Automatic;
				CURRENT_PROJECT_VERSION = 1;
				DEVELOPMENT_TEAM = 57F7AC83MF;
				GENERATE_INFOPLIST_FILE = YES;
				MARKETING_VERSION = 1.0;
				PRODUCT_BUNDLE_IDENTIFIER = com.Align.RT.AlignRTUITests;
				PRODUCT_NAME = "$(TARGET_NAME)";
				SWIFT_EMIT_LOC_STRINGS = NO;
				SWIFT_VERSION = 5.0;
				TARGETED_DEVICE_FAMILY = "1,2";
				TEST_TARGET_NAME = AlignRT;
			};
			name = Release;
		};
/* End XCBuildConfiguration section */

/* Begin XCConfigurationList section */
		24918A4D2C2CE1E7000EE644 /* Build configuration list for PBXProject "AlignRT" */ = {
			isa = XCConfigurationList;
			buildConfigurations = (
				24918A742C2CE1E9000EE644 /* Debug */,
				24918A752C2CE1E9000EE644 /* Release */,
			);
			defaultConfigurationIsVisible = 0;
			defaultConfigurationName = Release;
		};
		24918A762C2CE1E9000EE644 /* Build configuration list for PBXNativeTarget "AlignRT" */ = {
			isa = XCConfigurationList;
			buildConfigurations = (
				24918A772C2CE1E9000EE644 /* Debug */,
				24918A782C2CE1E9000EE644 /* Release */,
			);
			defaultConfigurationIsVisible = 0;
			defaultConfigurationName = Release;
		};
		24918A792C2CE1E9000EE644 /* Build configuration list for PBXNativeTarget "AlignRTTests" */ = {
			isa = XCConfigurationList;
			buildConfigurations = (
				24918A7A2C2CE1E9000EE644 /* Debug */,
				24918A7B2C2CE1E9000EE644 /* Release */,
			);
			defaultConfigurationIsVisible = 0;
			defaultConfigurationName = Release;
		};
		24918A7C2C2CE1E9000EE644 /* Build configuration list for PBXNativeTarget "AlignRTUITests" */ = {
			isa = XCConfigurationList;
			buildConfigurations = (
				24918A7D2C2CE1E9000EE644 /* Debug */,
				24918A7E2C2CE1E9000EE644 /* Release */,
			);
			defaultConfigurationIsVisible = 0;
			defaultConfigurationName = Release;
		};
/* End XCConfigurationList section */

/* Begin XCRemoteSwiftPackageReference section */
		24918A912C2CE5DE000EE644 /* XCRemoteSwiftPackageReference "firebase-ios-sdk" */ = {
			isa = XCRemoteSwiftPackageReference;
			repositoryURL = "https://github.com/firebase/firebase-ios-sdk";
			requirement = {
				kind = upToNextMajorVersion;
				minimumVersion = 10.28.1;
			};
		};
		24F63BE12C371B7900A13DE5 /* XCRemoteSwiftPackageReference "SwiftyGif" */ = {
			isa = XCRemoteSwiftPackageReference;
			repositoryURL = "https://github.com/kirualex/SwiftyGif";
			requirement = {
				kind = upToNextMajorVersion;
				minimumVersion = 5.4.5;
			};
		};
/* End XCRemoteSwiftPackageReference section */

/* Begin XCSwiftPackageProductDependency section */
		24918A922C2CE5DE000EE644 /* FirebaseAnalytics */ = {
			isa = XCSwiftPackageProductDependency;
			package = 24918A912C2CE5DE000EE644 /* XCRemoteSwiftPackageReference "firebase-ios-sdk" */;
			productName = FirebaseAnalytics;
		};
		24918A942C2CE5DE000EE644 /* FirebaseAuth */ = {
			isa = XCSwiftPackageProductDependency;
			package = 24918A912C2CE5DE000EE644 /* XCRemoteSwiftPackageReference "firebase-ios-sdk" */;
			productName = FirebaseAuth;
		};
		24918A962C2CE5DE000EE644 /* FirebaseFunctions */ = {
			isa = XCSwiftPackageProductDependency;
			package = 24918A912C2CE5DE000EE644 /* XCRemoteSwiftPackageReference "firebase-ios-sdk" */;
			productName = FirebaseFunctions;
		};
		24F63BDB2C3503D200A13DE5 /* FirebaseFirestore */ = {
			isa = XCSwiftPackageProductDependency;
			package = 24918A912C2CE5DE000EE644 /* XCRemoteSwiftPackageReference "firebase-ios-sdk" */;
			productName = FirebaseFirestore;
		};
		24F63BE22C371B7900A13DE5 /* SwiftyGif */ = {
			isa = XCSwiftPackageProductDependency;
			package = 24F63BE12C371B7900A13DE5 /* XCRemoteSwiftPackageReference "SwiftyGif" */;
			productName = SwiftyGif;
		};
		42ADF2CC2C2D02F200420265 /* FirebaseStorage */ = {
			isa = XCSwiftPackageProductDependency;
			package = 24918A912C2CE5DE000EE644 /* XCRemoteSwiftPackageReference "firebase-ios-sdk" */;
			productName = FirebaseStorage;
		};
/* End XCSwiftPackageProductDependency section */
	};
	rootObject = 24918A4A2C2CE1E7000EE644 /* Project object */;
}
